
Microsoft Visual Studio Solution File, Format Version 12.00
# Visual Studio Version 17
VisualStudioVersion = 17.5.33502.453
MinimumVisualStudioVersion = 10.0.40219.1
Project("{FAE04EC0-301F-11D3-BF4B-00C04F79EFBC}") = "MartialArtsSchool", "MartialArtsSchool\MartialArtsSchool.csproj", "{D8DFEF45-9F05-48DE-B542-6690A48EEB9A}"
EndProject
Global
	GlobalSection(SolutionConfigurationPlatforms) = preSolution
		Debug|Any CPU = Debug|Any CPU
		Release|Any CPU = Release|Any CPU
	EndGlobalSection
	GlobalSection(ProjectConfigurationPlatforms) = postSolution
		{D8DFEF45-9F05-48DE-B542-6690A48EEB9A}.Debug|Any CPU.ActiveCfg = Debug|Any CPU
		{D8DFEF45-9F05-48DE-B542-6690A48EEB9A}.Debug|Any CPU.Build.0 = Debug|Any CPU
		{D8DFEF45-9F05-48DE-B542-6690A48EEB9A}.Release|Any CPU.ActiveCfg = Release|Any CPU
		{D8DFEF45-9F05-48DE-B542-6690A48EEB9A}.Release|Any CPU.Build.0 = Release|Any CPU
	EndGlobalSection
	GlobalSection(SolutionProperties) = preSolution
		HideSolutionNode = FALSE
	EndGlobalSection
	GlobalSection(ExtensibilityGlobals) = postSolution
		SolutionGuid = {09077235-5724-41EE-96EB-85ABC2264FBB}
	EndGlobalSection
EndGlobal
